// !$*UTF8*$!
{
	archiveVersion = 1;
	classes = {
	};
	objectVersion = 46;
	objects = {

/* Begin PBXBuildFile section */
		361673911D1E7890003F2F93 /* AppDelegate.swift in Sources */ = {isa = PBXBuildFile; fileRef = 361673901D1E7890003F2F93 /* AppDelegate.swift */; };
		361673931D1E7890003F2F93 /* ViewController.swift in Sources */ = {isa = PBXBuildFile; fileRef = 361673921D1E7890003F2F93 /* ViewController.swift */; };
		361673961D1E7890003F2F93 /* Main.storyboard in Resources */ = {isa = PBXBuildFile; fileRef = 361673941D1E7890003F2F93 /* Main.storyboard */; };
		361673981D1E7890003F2F93 /* Assets.xcassets in Resources */ = {isa = PBXBuildFile; fileRef = 361673971D1E7890003F2F93 /* Assets.xcassets */; };
		3616739B1D1E7890003F2F93 /* LaunchScreen.storyboard in Resources */ = {isa = PBXBuildFile; fileRef = 361673991D1E7890003F2F93 /* LaunchScreen.storyboard */; };
/* End PBXBuildFile section */

/* Begin PBXFileReference section */
		3616738D1D1E7890003F2F93 /* HNTVLoadingDemo.app */ = {isa = PBXFileReference; explicitFileType = wrapper.application; includeInIndex = 0; path = HNTVLoadingDemo.app; sourceTree = BUILT_PRODUCTS_DIR; };
		361673901D1E7890003F2F93 /* AppDelegate.swift */ = {isa = PBXFileReference; lastKnownFileType = sourcecode.swift; path = AppDelegate.swift; sourceTree = "<group>"; };
		361673921D1E7890003F2F93 /* ViewController.swift */ = {isa = PBXFileReference; lastKnownFileType = sourcecode.swift; path = ViewController.swift; sourceTree = "<group>"; };
		361673951D1E7890003F2F93 /* Base */ = {isa = PBXFileReference; lastKnownFileType = file.storyboard; name = Base; path = Base.lproj/Main.storyboard; sourceTree = "<group>"; };
		361673971D1E7890003F2F93 /* Assets.xcassets */ = {isa = PBXFileReference; lastKnownFileType = folder.assetcatalog; path = Assets.xcassets; sourceTree = "<group>"; };
		3616739A1D1E7890003F2F93 /* Base */ = {isa = PBXFileReference; lastKnownFileType = file.storyboard; name = Base; path = Base.lproj/LaunchScreen.storyboard; sourceTree = "<group>"; };
		3616739C1D1E7890003F2F93 /* Info.plist */ = {isa = PBXFileReference; lastKnownFileType = text.plist.xml; path = Info.plist; sourceTree = "<group>"; };
/* End PBXFileReference section */

/* Begin PBXFrameworksBuildPhase section */
		3616738A1D1E7890003F2F93 /* Frameworks */ = {
			isa = PBXFrameworksBuildPhase;
			buildActionMask = 2147483647;
			files = (
			);
			runOnlyForDeploymentPostprocessing = 0;
		};
/* End PBXFrameworksBuildPhase section */

/* Begin PBXGroup section */
		361673841D1E7890003F2F93 = {
			isa = PBXGroup;
			children = (
				3616738F1D1E7890003F2F93 /* HNTVLoadingDemo */,
				3616738E1D1E7890003F2F93 /* Products */,
			);
			sourceTree = "<group>";
		};
		3616738E1D1E7890003F2F93 /* Products */ = {
			isa = PBXGroup;
			children = (
				3616738D1D1E7890003F2F93 /* HNTVLoadingDemo.app */,
			);
			name = Products;
			sourceTree = "<group>";
		};
		3616738F1D1E7890003F2F93 /* HNTVLoadingDemo */ = {
			isa = PBXGroup;
			children = (
				361673901D1E7890003F2F93 /* AppDelegate.swift */,
				361673921D1E7890003F2F93 /* ViewController.swift */,
				361673941D1E7890003F2F93 /* Main.storyboard */,
				361673971D1E7890003F2F93 /* Assets.xcassets */,
				361673991D1E7890003F2F93 /* LaunchScreen.storyboard */,
				3616739C1D1E7890003F2F93 /* Info.plist */,
			);
			path = HNTVLoadingDemo;
			sourceTree = "<group>";
		};
/* End PBXGroup section */

/* Begin PBXNativeTarget section */
		3616738C1D1E7890003F2F93 /* HNTVLoadingDemo */ = {
			isa = PBXNativeTarget;
			buildConfigurationList = 3616739F1D1E7890003F2F93 /* Build configuration list for PBXNativeTarget "HNTVLoadingDemo" */;
			buildPhases = (
				361673891D1E7890003F2F93 /* Sources */,
				3616738A1D1E7890003F2F93 /* Frameworks */,
				3616738B1D1E7890003F2F93 /* Resources */,
			);
			buildRules = (
			);
			dependencies = (
			);
			name = HNTVLoadingDemo;
			productName = HNTVLoadingDemo;
			productReference = 3616738D1D1E7890003F2F93 /* HNTVLoadingDemo.app */;
			productType = "com.apple.product-type.application";
		};
/* End PBXNativeTarget section */

/* Begin PBXProject section */
		361673851D1E7890003F2F93 /* Project object */ = {
			isa = PBXProject;
			attributes = {
				LastSwiftUpdateCheck = 0730;
				LastUpgradeCheck = 0730;
				ORGANIZATIONNAME = "彭显鹤";
				TargetAttributes = {
					3616738C1D1E7890003F2F93 = {
						CreatedOnToolsVersion = 7.3.1;
					};
				};
			};
			buildConfigurationList = 361673881D1E7890003F2F93 /* Build configuration list for PBXProject "HNTVLoadingDemo" */;
			compatibilityVersion = "Xcode 3.2";
			developmentRegion = English;
			hasScannedForEncodings = 0;
			knownRegions = (
				en,
				Base,
			);
			mainGroup = 361673841D1E7890003F2F93;
			productRefGroup = 3616738E1D1E7890003F2F93 /* Products */;
			projectDirPath = "";
			projectRoot = "";
			targets = (
				3616738C1D1E7890003F2F93 /* HNTVLoadingDemo */,
			);
		};
/* End PBXProject section */

/* Begin PBXResourcesBuildPhase section */
		3616738B1D1E7890003F2F93 /* Resources */ = {
			isa = PBXResourcesBuildPhase;
			buildActionMask = 2147483647;
			files = (
				3616739B1D1E7890003F2F93 /* LaunchScreen.storyboard in Resources */,
				361673981D1E7890003F2F93 /* Assets.xcassets in Resources */,
				361673961D1E7890003F2F93 /* Main.storyboard in Resources */,
			);
			runOnlyForDeploymentPostprocessing = 0;
		};
/* End PBXResourcesBuildPhase section */

/* Begin PBXSourcesBuildPhase section */
		361673891D1E7890003F2F93 /* Sources */ = {
			isa = PBXSourcesBuildPhase;
			buildActionMask = 2147483647;
			files = (
				361673931D1E7890003F2F93 /* ViewController.swift in Sources */,
				361673911D1E7890003F2F93 /* AppDelegate.swift in Sources */,
			);
			runOnlyForDeploymentPostprocessing = 0;
		};
/* End PBXSourcesBuildPhase section */

/* Begin PBXVariantGroup section */
		361673941D1E7890003F2F93 /* Main.storyboard */ = {
			isa = PBXVariantGroup;
			children = (
				361673951D1E7890003F2F93 /* Base */,
			);
			name = Main.storyboard;
			sourceTree = "<group>";
		};
		361673991D1E7890003F2F93 /* LaunchScreen.storyboard */ = {
			isa = PBXVariantGroup;
			children = (
				3616739A1D1E7890003F2F93 /* Base */,
			);
			name = LaunchScreen.storyboard;
			sourceTree = "<group>";
		};
/* End PBXVariantGroup section */

/* Begin XCBuildConfiguration section */
		3616739D1D1E7890003F2F93 /* Debug */ = {
			isa = XCBuildConfiguration;
			buildSettings = {
				ALWAYS_SEARCH_USER_PATHS = NO;
				CLANG_ANALYZER_NONNULL = YES;
				CLANG_CXX_LANGUAGE_STANDARD = "gnu++0x";
				CLANG_CXX_LIBRARY = "libc++";
				CLANG_ENABLE_MODULES = YES;
				CLANG_ENABLE_OBJC_ARC = YES;
				CLANG_WARN_BOOL_CONVERSION = YES;
				CLANG_WARN_CONSTANT_CONVERSION = YES;
				CLANG_WARN_DIRECT_OBJC_ISA_USAGE = YES_ERROR;
				CLANG_WARN_EMPTY_BODY = YES;
				CLANG_WARN_ENUM_CONVERSION = YES;
				CLANG_WARN_INT_CONVERSION = YES;
				CLANG_WARN_OBJC_ROOT_CLASS = YES_ERROR;
				CLANG_WARN_UNREACHABLE_CODE = YES;
				CLANG_WARN__DUPLICATE_METHOD_MATCH = YES;
				"CODE_SIGN_IDENTITY[sdk=iphoneos*]" = "iPhone Developer";
				COPY_PHASE_STRIP = NO;
				DEBUG_INFORMATION_FORMAT = dwarf;
				ENABLE_STRICT_OBJC_MSGSEND = YES;
				ENABLE_TESTABILITY = YES;
				GCC_C_LANGUAGE_STANDARD = gnu99;
				GCC_DYNAMIC_NO_PIC = NO;
				GCC_NO_COMMON_BLOCKS = YES;
				GCC_OPTIMIZATION_LEVEL = 0;
				GCC_PREPROCESSOR_DEFINITIONS = (
					"DEBUG=1",
					"$(inherited)",
				);
				GCC_WARN_64_TO_32_BIT_CONVERSION = YES;
				GCC_WARN_ABOUT_RETURN_TYPE = YES_ERROR;
				GCC_WARN_UNDECLARED_SELECTOR = YES;
				GCC_WARN_UNINITIALIZED_AUTOS = YES_AGGRESSIVE;
				GCC_WARN_UNUSED_FUNCTION = YES;
				GCC_WARN_UNUSED_VARIABLE = YES;
				IPHONEOS_DEPLOYMENT_TARGET = 9.3;
				MTL_ENABLE_DEBUG_INFO = YES;
				ONLY_ACTIVE_ARCH = YES;
				SDKROOT = iphoneos;
				SWIFT_OPTIMIZATION_LEVEL = "-Onone";
			};
			name = Debug;
		};
		3616739E1D1E7890003F2F93 /* Release */ = {
			isa = XCBuildConfiguration;
			buildSettings = {
				ALWAYS_SEARCH_USER_PATHS = NO;
				CLANG_ANALYZER_NONNULL = YES;
				CLANG_CXX_LANGUAGE_STANDARD = "gnu++0x";
				CLANG_CXX_LIBRARY = "libc++";
				CLANG_ENABLE_MODULES = YES;
				CLANG_ENABLE_OBJC_ARC = YES;
				CLANG_WARN_BOOL_CONVERSION = YES;
				CLANG_WARN_CONSTANT_CONVERSION = YES;
				CLANG_WARN_DIRECT_OBJC_ISA_USAGE = YES_ERROR;
				CLANG_WARN_EMPTY_BODY = YES;
				CLANG_WARN_ENUM_CONVERSION = YES;
				CLANG_WARN_INT_CONVERSION = YES;
				CLANG_WARN_OBJC_ROOT_CLASS = YES_ERROR;
				CLANG_WARN_UNREACHABLE_CODE = YES;
				CLANG_WARN__DUPLICATE_METHOD_MATCH = YES;
				"CODE_SIGN_IDENTITY[sdk=iphoneos*]" = "iPhone Developer";
				COPY_PHASE_STRIP = NO;
				DEBUG_INFORMATION_FORMAT = "dwarf-with-dsym";
				ENABLE_NS_ASSERTIONS = NO;
				ENABLE_STRICT_OBJC_MSGSEND = YES;
				GCC_C_LANGUAGE_STANDARD = gnu99;
				GCC_NO_COMMON_BLOCKS = YES;
				GCC_WARN_64_TO_32_BIT_CONVERSION = YES;
				GCC_WARN_ABOUT_RETURN_TYPE = YES_ERROR;
				GCC_WARN_UNDECLARED_SELECTOR = YES;
				GCC_WARN_UNINITIALIZED_AUTOS = YES_AGGRESSIVE;
				GCC_WARN_UNUSED_FUNCTION = YES;
				GCC_WARN_UNUSED_VARIABLE = YES;
				IPHONEOS_DEPLOYMENT_TARGET = 9.3;
				MTL_ENABLE_DEBUG_INFO = NO;
				SDKROOT = iphoneos;
				VALIDATE_PRODUCT = YES;
			};
			name = Release;
		};
		361673A01D1E7890003F2F93 /* Debug */ = {
			isa = XCBuildConfiguration;
			buildSettings = {
				ASSETCATALOG_COMPILER_APPICON_NAME = AppIcon;
				INFOPLIST_FILE = HNTVLoadingDemo/Info.plist;
				LD_RUNPATH_SEARCH_PATHS = "$(inherited) @executable_path/Frameworks";
				PRODUCT_BUNDLE_IDENTIFIER = "pengxianhe-126.com.HNTVLoadingDemo";
				PRODUCT_NAME = "$(TARGET_NAME)";
			};
			name = Debug;
		};
		361673A11D1E7890003F2F93 /* Release */ = {
			isa = XCBuildConfiguration;
			buildSettings = {
				ASSETCATALOG_COMPILER_APPICON_NAME = AppIcon;
				INFOPLIST_FILE = HNTVLoadingDemo/Info.plist;
				LD_RUNPATH_SEARCH_PATHS = "$(inherited) @executable_path/Frameworks";
				PRODUCT_BUNDLE_IDENTIFIER = "pengxianhe-126.com.HNTVLoadingDemo";
				PRODUCT_NAME = "$(TARGET_NAME)";
			};
			name = Release;
		};
/* End XCBuildConfiguration section */

/* Begin XCConfigurationList section */
		361673881D1E7890003F2F93 /* Build configuration list for PBXProject "HNTVLoadingDemo" */ = {
			isa = XCConfigurationList;
			buildConfigurations = (
				3616739D1D1E7890003F2F93 /* Debug */,
				3616739E1D1E7890003F2F93 /* Release */,
			);
			defaultConfigurationIsVisible = 0;
			defaultConfigurationName = Release;
		};
		3616739F1D1E7890003F2F93 /* Build configuration list for PBXNativeTarget "HNTVLoadingDemo" */ = {
			isa = XCConfigurationList;
			buildConfigurations = (
				361673A01D1E7890003F2F93 /* Debug */,
				361673A11D1E7890003F2F93 /* Release */,
			);
			defaultConfigurationIsVisible = 0;
		};
/* End XCConfigurationList section */
	};
	rootObject = 361673851D1E7890003F2F93 /* Project object */;
}
